
Microsoft Visual Studio Solution File, Format Version 12.00
# Visual Studio 14
VisualStudioVersion = 14.0.23107.0
MinimumVisualStudioVersion = 10.0.40219.1
Project("{FAE04EC0-301F-11D3-BF4B-00C04F79EFBC}") = "MovieManager.UWP", "MovieManager.UWP.csproj", "{16D16786-A657-43B5-9E5F-11F82CA27470}"
EndProject
Project("{FAE04EC0-301F-11D3-BF4B-00C04F79EFBC}") = "MovieManager.Interaction.Plc", "..\MovieManager.Interaction.Plc\MovieManager.Interaction.Plc.csproj", "{E5B9F148-9745-476B-8FA6-14E35D6800F7}"
EndProject
Project("{FAE04EC0-301F-11D3-BF4B-00C04F79EFBC}") = "MovieManager.StructureModel.Pcl", "..\MovieManager.StructureModel.Pcl\MovieManager.StructureModel.Pcl.csproj", "{35E9FF0E-26AB-4699-9FC6-5A473C16C667}"
EndProject
Project("{FAE04EC0-301F-11D3-BF4B-00C04F79EFBC}") = "MovieManager.ContextModel.Plc", "..\MovieManager.ContextModel.Plc\MovieManager.ContextModel.Plc.csproj", "{88D191BB-20E3-409A-9CAE-9D9B375255D3}"
EndProject
Project("{FAE04EC0-301F-11D3-BF4B-00C04F79EFBC}") = "MovieManager.Core.Plc", "..\MovieManager.Core.Plc\MovieManager.Core.Plc.csproj", "{409C6D94-1FD6-4D94-AA08-A96971897C39}"
EndProject
Project("{FAE04EC0-301F-11D3-BF4B-00C04F79EFBC}") = "System.Common.Plc", "..\..\..\Utilities\System\System.Common.Plc\System.Common.Plc.csproj", "{DB232F94-BBDC-4D49-B2AA-879AB20E9C63}"
EndProject
Project("{FAE04EC0-301F-11D3-BF4B-00C04F79EFBC}") = "System.Infrastructure.Plc", "..\..\..\Utilities\System\System.Infrastructure.Plc\System.Infrastructure.Plc.csproj", "{5BC835D2-E7B5-4055-B59C-8CDEB2B50B67}"
EndProject
Project("{FAE04EC0-301F-11D3-BF4B-00C04F79EFBC}") = "System.Mvvm.Plc", "..\..\..\Utilities\System\System.Mvvm.Plc\System.Mvvm.Plc.csproj", "{07B88ABD-B20F-40FF-8BBC-6288E298E1C9}"
EndProject
Global
	GlobalSection(SolutionConfigurationPlatforms) = preSolution
		Debug|Any CPU = Debug|Any CPU
		Debug|ARM = Debug|ARM
		Debug|x64 = Debug|x64
		Debug|x86 = Debug|x86
		Release|Any CPU = Release|Any CPU
		Release|ARM = Release|ARM
		Release|x64 = Release|x64
		Release|x86 = Release|x86
	EndGlobalSection
	GlobalSection(ProjectConfigurationPlatforms) = postSolution
		{16D16786-A657-43B5-9E5F-11F82CA27470}.Debug|Any CPU.ActiveCfg = Debug|x86
		{16D16786-A657-43B5-9E5F-11F82CA27470}.Debug|Any CPU.Build.0 = Debug|x86
		{16D16786-A657-43B5-9E5F-11F82CA27470}.Debug|Any CPU.Deploy.0 = Debug|x86
		{16D16786-A657-43B5-9E5F-11F82CA27470}.Debug|ARM.ActiveCfg = Debug|ARM
		{16D16786-A657-43B5-9E5F-11F82CA27470}.Debug|ARM.Build.0 = Debug|ARM
		{16D16786-A657-43B5-9E5F-11F82CA27470}.Debug|ARM.Deploy.0 = Debug|ARM
		{16D16786-A657-43B5-9E5F-11F82CA27470}.Debug|x64.ActiveCfg = Debug|x64
		{16D16786-A657-43B5-9E5F-11F82CA27470}.Debug|x64.Build.0 = Debug|x64
		{16D16786-A657-43B5-9E5F-11F82CA27470}.Debug|x64.Deploy.0 = Debug|x64
		{16D16786-A657-43B5-9E5F-11F82CA27470}.Debug|x86.ActiveCfg = Debug|x86
		{16D16786-A657-43B5-9E5F-11F82CA27470}.Debug|x86.Build.0 = Debug|x86
		{16D16786-A657-43B5-9E5F-11F82CA27470}.Debug|x86.Deploy.0 = Debug|x86
		{16D16786-A657-43B5-9E5F-11F82CA27470}.Release|Any CPU.ActiveCfg = Release|x86
		{16D16786-A657-43B5-9E5F-11F82CA27470}.Release|ARM.ActiveCfg = Release|ARM
		{16D16786-A657-43B5-9E5F-11F82CA27470}.Release|ARM.Build.0 = Release|ARM
		{16D16786-A657-43B5-9E5F-11F82CA27470}.Release|ARM.Deploy.0 = Release|ARM
		{16D16786-A657-43B5-9E5F-11F82CA27470}.Release|x64.ActiveCfg = Release|x64
		{16D16786-A657-43B5-9E5F-11F82CA27470}.Release|x64.Build.0 = Release|x64
		{16D16786-A657-43B5-9E5F-11F82CA27470}.Release|x64.Deploy.0 = Release|x64
		{16D16786-A657-43B5-9E5F-11F82CA27470}.Release|x86.ActiveCfg = Release|x86
		{16D16786-A657-43B5-9E5F-11F82CA27470}.Release|x86.Build.0 = Release|x86
		{16D16786-A657-43B5-9E5F-11F82CA27470}.Release|x86.Deploy.0 = Release|x86
		{E5B9F148-9745-476B-8FA6-14E35D6800F7}.Debug|Any CPU.ActiveCfg = Debug|Any CPU
		{E5B9F148-9745-476B-8FA6-14E35D6800F7}.Debug|Any CPU.Build.0 = Debug|Any CPU
		{E5B9F148-9745-476B-8FA6-14E35D6800F7}.Debug|ARM.ActiveCfg = Debug|Any CPU
		{E5B9F148-9745-476B-8FA6-14E35D6800F7}.Debug|ARM.Build.0 = Debug|Any CPU
		{E5B9F148-9745-476B-8FA6-14E35D6800F7}.Debug|x64.ActiveCfg = Debug|Any CPU
		{E5B9F148-9745-476B-8FA6-14E35D6800F7}.Debug|x64.Build.0 = Debug|Any CPU
		{E5B9F148-9745-476B-8FA6-14E35D6800F7}.Debug|x86.ActiveCfg = Debug|Any CPU
		{E5B9F148-9745-476B-8FA6-14E35D6800F7}.Debug|x86.Build.0 = Debug|Any CPU
		{E5B9F148-9745-476B-8FA6-14E35D6800F7}.Release|Any CPU.ActiveCfg = Release|Any CPU
		{E5B9F148-9745-476B-8FA6-14E35D6800F7}.Release|Any CPU.Build.0 = Release|Any CPU
		{E5B9F148-9745-476B-8FA6-14E35D6800F7}.Release|ARM.ActiveCfg = Release|Any CPU
		{E5B9F148-9745-476B-8FA6-14E35D6800F7}.Release|ARM.Build.0 = Release|Any CPU
		{E5B9F148-9745-476B-8FA6-14E35D6800F7}.Release|x64.ActiveCfg = Release|Any CPU
		{E5B9F148-9745-476B-8FA6-14E35D6800F7}.Release|x64.Build.0 = Release|Any CPU
		{E5B9F148-9745-476B-8FA6-14E35D6800F7}.Release|x86.ActiveCfg = Release|Any CPU
		{E5B9F148-9745-476B-8FA6-14E35D6800F7}.Release|x86.Build.0 = Release|Any CPU
		{35E9FF0E-26AB-4699-9FC6-5A473C16C667}.Debug|Any CPU.ActiveCfg = Debug|Any CPU
		{35E9FF0E-26AB-4699-9FC6-5A473C16C667}.Debug|Any CPU.Build.0 = Debug|Any CPU
		{35E9FF0E-26AB-4699-9FC6-5A473C16C667}.Debug|ARM.ActiveCfg = Debug|Any CPU
		{35E9FF0E-26AB-4699-9FC6-5A473C16C667}.Debug|ARM.Build.0 = Debug|Any CPU
		{35E9FF0E-26AB-4699-9FC6-5A473C16C667}.Debug|x64.ActiveCfg = Debug|Any CPU
		{35E9FF0E-26AB-4699-9FC6-5A473C16C667}.Debug|x64.Build.0 = Debug|Any CPU
		{35E9FF0E-26AB-4699-9FC6-5A473C16C667}.Debug|x86.ActiveCfg = Debug|Any CPU
		{35E9FF0E-26AB-4699-9FC6-5A473C16C667}.Debug|x86.Build.0 = Debug|Any CPU
		{35E9FF0E-26AB-4699-9FC6-5A473C16C667}.Release|Any CPU.ActiveCfg = Release|Any CPU
		{35E9FF0E-26AB-4699-9FC6-5A473C16C667}.Release|Any CPU.Build.0 = Release|Any CPU
		{35E9FF0E-26AB-4699-9FC6-5A473C16C667}.Release|ARM.ActiveCfg = Release|Any CPU
		{35E9FF0E-26AB-4699-9FC6-5A473C16C667}.Release|ARM.Build.0 = Release|Any CPU
		{35E9FF0E-26AB-4699-9FC6-5A473C16C667}.Release|x64.ActiveCfg = Release|Any CPU
		{35E9FF0E-26AB-4699-9FC6-5A473C16C667}.Release|x64.Build.0 = Release|Any CPU
		{35E9FF0E-26AB-4699-9FC6-5A473C16C667}.Release|x86.ActiveCfg = Release|Any CPU
		{35E9FF0E-26AB-4699-9FC6-5A473C16C667}.Release|x86.Build.0 = Release|Any CPU
		{88D191BB-20E3-409A-9CAE-9D9B375255D3}.Debug|Any CPU.ActiveCfg = Debug|Any CPU
		{88D191BB-20E3-409A-9CAE-9D9B375255D3}.Debug|Any CPU.Build.0 = Debug|Any CPU
		{88D191BB-20E3-409A-9CAE-9D9B375255D3}.Debug|ARM.ActiveCfg = Debug|Any CPU
		{88D191BB-20E3-409A-9CAE-9D9B375255D3}.Debug|ARM.Build.0 = Debug|Any CPU
		{88D191BB-20E3-409A-9CAE-9D9B375255D3}.Debug|x64.ActiveCfg = Debug|Any CPU
		{88D191BB-20E3-409A-9CAE-9D9B375255D3}.Debug|x64.Build.0 = Debug|Any CPU
		{88D191BB-20E3-409A-9CAE-9D9B375255D3}.Debug|x86.ActiveCfg = Debug|Any CPU
		{88D191BB-20E3-409A-9CAE-9D9B375255D3}.Debug|x86.Build.0 = Debug|Any CPU
		{88D191BB-20E3-409A-9CAE-9D9B375255D3}.Release|Any CPU.ActiveCfg = Release|Any CPU
		{88D191BB-20E3-409A-9CAE-9D9B375255D3}.Release|Any CPU.Build.0 = Release|Any CPU
		{88D191BB-20E3-409A-9CAE-9D9B375255D3}.Release|ARM.ActiveCfg = Release|Any CPU
		{88D191BB-20E3-409A-9CAE-9D9B375255D3}.Release|ARM.Build.0 = Release|Any CPU
		{88D191BB-20E3-409A-9CAE-9D9B375255D3}.Release|x64.ActiveCfg = Release|Any CPU
		{88D191BB-20E3-409A-9CAE-9D9B375255D3}.Release|x64.Build.0 = Release|Any CPU
		{88D191BB-20E3-409A-9CAE-9D9B375255D3}.Release|x86.ActiveCfg = Release|Any CPU
		{88D191BB-20E3-409A-9CAE-9D9B375255D3}.Release|x86.Build.0 = Release|Any CPU
		{409C6D94-1FD6-4D94-AA08-A96971897C39}.Debug|Any CPU.ActiveCfg = Debug|Any CPU
		{409C6D94-1FD6-4D94-AA08-A96971897C39}.Debug|Any CPU.Build.0 = Debug|Any CPU
		{409C6D94-1FD6-4D94-AA08-A96971897C39}.Debug|ARM.ActiveCfg = Debug|Any CPU
		{409C6D94-1FD6-4D94-AA08-A96971897C39}.Debug|ARM.Build.0 = Debug|Any CPU
		{409C6D94-1FD6-4D94-AA08-A96971897C39}.Debug|x64.ActiveCfg = Debug|Any CPU
		{409C6D94-1FD6-4D94-AA08-A96971897C39}.Debug|x64.Build.0 = Debug|Any CPU
		{409C6D94-1FD6-4D94-AA08-A96971897C39}.Debug|x86.ActiveCfg = Debug|Any CPU
		{409C6D94-1FD6-4D94-AA08-A96971897C39}.Debug|x86.Build.0 = Debug|Any CPU
		{409C6D94-1FD6-4D94-AA08-A96971897C39}.Release|Any CPU.ActiveCfg = Release|Any CPU
		{409C6D94-1FD6-4D94-AA08-A96971897C39}.Release|Any CPU.Build.0 = Release|Any CPU
		{409C6D94-1FD6-4D94-AA08-A96971897C39}.Release|ARM.ActiveCfg = Release|Any CPU
		{409C6D94-1FD6-4D94-AA08-A96971897C39}.Release|ARM.Build.0 = Release|Any CPU
		{409C6D94-1FD6-4D94-AA08-A96971897C39}.Release|x64.ActiveCfg = Release|Any CPU
		{409C6D94-1FD6-4D94-AA08-A96971897C39}.Release|x64.Build.0 = Release|Any CPU
		{409C6D94-1FD6-4D94-AA08-A96971897C39}.Release|x86.ActiveCfg = Release|Any CPU
		{409C6D94-1FD6-4D94-AA08-A96971897C39}.Release|x86.Build.0 = Release|Any CPU
		{DB232F94-BBDC-4D49-B2AA-879AB20E9C63}.Debug|Any CPU.ActiveCfg = Debug|Any CPU
		{DB232F94-BBDC-4D49-B2AA-879AB20E9C63}.Debug|Any CPU.Build.0 = Debug|Any CPU
		{DB232F94-BBDC-4D49-B2AA-879AB20E9C63}.Debug|ARM.ActiveCfg = Debug|Any CPU
		{DB232F94-BBDC-4D49-B2AA-879AB20E9C63}.Debug|ARM.Build.0 = Debug|Any CPU
		{DB232F94-BBDC-4D49-B2AA-879AB20E9C63}.Debug|x64.ActiveCfg = Debug|Any CPU
		{DB232F94-BBDC-4D49-B2AA-879AB20E9C63}.Debug|x64.Build.0 = Debug|Any CPU
		{DB232F94-BBDC-4D49-B2AA-879AB20E9C63}.Debug|x86.ActiveCfg = Debug|Any CPU
		{DB232F94-BBDC-4D49-B2AA-879AB20E9C63}.Debug|x86.Build.0 = Debug|Any CPU
		{DB232F94-BBDC-4D49-B2AA-879AB20E9C63}.Release|Any CPU.ActiveCfg = Release|Any CPU
		{DB232F94-BBDC-4D49-B2AA-879AB20E9C63}.Release|Any CPU.Build.0 = Release|Any CPU
		{DB232F94-BBDC-4D49-B2AA-879AB20E9C63}.Release|ARM.ActiveCfg = Release|Any CPU
		{DB232F94-BBDC-4D49-B2AA-879AB20E9C63}.Release|ARM.Build.0 = Release|Any CPU
		{DB232F94-BBDC-4D49-B2AA-879AB20E9C63}.Release|x64.ActiveCfg = Release|Any CPU
		{DB232F94-BBDC-4D49-B2AA-879AB20E9C63}.Release|x64.Build.0 = Release|Any CPU
		{DB232F94-BBDC-4D49-B2AA-879AB20E9C63}.Release|x86.ActiveCfg = Release|Any CPU
		{DB232F94-BBDC-4D49-B2AA-879AB20E9C63}.Release|x86.Build.0 = Release|Any CPU
		{5BC835D2-E7B5-4055-B59C-8CDEB2B50B67}.Debug|Any CPU.ActiveCfg = Debug|Any CPU
		{5BC835D2-E7B5-4055-B59C-8CDEB2B50B67}.Debug|Any CPU.Build.0 = Debug|Any CPU
		{5BC835D2-E7B5-4055-B59C-8CDEB2B50B67}.Debug|ARM.ActiveCfg = Debug|Any CPU
		{5BC835D2-E7B5-4055-B59C-8CDEB2B50B67}.Debug|ARM.Build.0 = Debug|Any CPU
		{5BC835D2-E7B5-4055-B59C-8CDEB2B50B67}.Debug|x64.ActiveCfg = Debug|Any CPU
		{5BC835D2-E7B5-4055-B59C-8CDEB2B50B67}.Debug|x64.Build.0 = Debug|Any CPU
		{5BC835D2-E7B5-4055-B59C-8CDEB2B50B67}.Debug|x86.ActiveCfg = Debug|Any CPU
		{5BC835D2-E7B5-4055-B59C-8CDEB2B50B67}.Debug|x86.Build.0 = Debug|Any CPU
		{5BC835D2-E7B5-4055-B59C-8CDEB2B50B67}.Release|Any CPU.ActiveCfg = Release|Any CPU
		{5BC835D2-E7B5-4055-B59C-8CDEB2B50B67}.Release|Any CPU.Build.0 = Release|Any CPU
		{5BC835D2-E7B5-4055-B59C-8CDEB2B50B67}.Release|ARM.ActiveCfg = Release|Any CPU
		{5BC835D2-E7B5-4055-B59C-8CDEB2B50B67}.Release|ARM.Build.0 = Release|Any CPU
		{5BC835D2-E7B5-4055-B59C-8CDEB2B50B67}.Release|x64.ActiveCfg = Release|Any CPU
		{5BC835D2-E7B5-4055-B59C-8CDEB2B50B67}.Release|x64.Build.0 = Release|Any CPU
		{5BC835D2-E7B5-4055-B59C-8CDEB2B50B67}.Release|x86.ActiveCfg = Release|Any CPU
		{5BC835D2-E7B5-4055-B59C-8CDEB2B50B67}.Release|x86.Build.0 = Release|Any CPU
		{07B88ABD-B20F-40FF-8BBC-6288E298E1C9}.Debug|Any CPU.ActiveCfg = Debug|Any CPU
		{07B88ABD-B20F-40FF-8BBC-6288E298E1C9}.Debug|Any CPU.Build.0 = Debug|Any CPU
		{07B88ABD-B20F-40FF-8BBC-6288E298E1C9}.Debug|ARM.ActiveCfg = Debug|Any CPU
		{07B88ABD-B20F-40FF-8BBC-6288E298E1C9}.Debug|ARM.Build.0 = Debug|Any CPU
		{07B88ABD-B20F-40FF-8BBC-6288E298E1C9}.Debug|x64.ActiveCfg = Debug|Any CPU
		{07B88ABD-B20F-40FF-8BBC-6288E298E1C9}.Debug|x64.Build.0 = Debug|Any CPU
		{07B88ABD-B20F-40FF-8BBC-6288E298E1C9}.Debug|x86.ActiveCfg = Debug|Any CPU
		{07B88ABD-B20F-40FF-8BBC-6288E298E1C9}.Debug|x86.Build.0 = Debug|Any CPU
		{07B88ABD-B20F-40FF-8BBC-6288E298E1C9}.Release|Any CPU.ActiveCfg = Release|Any CPU
		{07B88ABD-B20F-40FF-8BBC-6288E298E1C9}.Release|Any CPU.Build.0 = Release|Any CPU
		{07B88ABD-B20F-40FF-8BBC-6288E298E1C9}.Release|ARM.ActiveCfg = Release|Any CPU
		{07B88ABD-B20F-40FF-8BBC-6288E298E1C9}.Release|ARM.Build.0 = Release|Any CPU
		{07B88ABD-B20F-40FF-8BBC-6288E298E1C9}.Release|x64.ActiveCfg = Release|Any CPU
		{07B88ABD-B20F-40FF-8BBC-6288E298E1C9}.Release|x64.Build.0 = Release|Any CPU
		{07B88ABD-B20F-40FF-8BBC-6288E298E1C9}.Release|x86.ActiveCfg = Release|Any CPU
		{07B88ABD-B20F-40FF-8BBC-6288E298E1C9}.Release|x86.Build.0 = Release|Any CPU
	EndGlobalSection
	GlobalSection(SolutionProperties) = preSolution
		HideSolutionNode = FALSE
	EndGlobalSection
	GlobalSection(TeamFoundationVersionControl) = preSolution
		SccNumberOfProjects = 9
		SccEnterpriseProvider = {4CA58AB2-18FA-4F8D-95D4-32DDF27D184C}
		SccTeamFoundationServer = https://shrikant.visualstudio.com/defaultcollection
		SccLocalPath0 = .
		SccProjectUniqueName1 = MovieManager.UWP.csproj
		SccLocalPath1 = .
		SccProjectUniqueName2 = ..\\MovieManager.Interaction.Plc\\MovieManager.Interaction.Plc.csproj
		SccProjectName2 = ../MovieManager.Interaction.Plc
		SccLocalPath2 = ..\\MovieManager.Interaction.Plc
		SccProjectUniqueName3 = ..\\MovieManager.StructureModel.Pcl\\MovieManager.StructureModel.Pcl.csproj
		SccProjectName3 = ../MovieManager.StructureModel.Pcl
		SccLocalPath3 = ..\\MovieManager.StructureModel.Pcl
		SccProjectUniqueName4 = ..\\MovieManager.ContextModel.Plc\\MovieManager.ContextModel.Plc.csproj
		SccProjectName4 = ../MovieManager.ContextModel.Plc
		SccLocalPath4 = ..\\MovieManager.ContextModel.Plc
		SccProjectUniqueName5 = ..\\MovieManager.Core.Plc\\MovieManager.Core.Plc.csproj
		SccProjectName5 = ../MovieManager.Core.Plc
		SccLocalPath5 = ..\\MovieManager.Core.Plc
		SccProjectUniqueName6 = ..\\..\\..\\Utilities\\System\\System.Common.Plc\\System.Common.Plc.csproj
		SccProjectName6 = ../../../Utilities/System/System.Common.Plc
		SccLocalPath6 = ..\\..\\..\\Utilities\\System\\System.Common.Plc
		SccProjectUniqueName7 = ..\\..\\..\\Utilities\\System\\System.Infrastructure.Plc\\System.Infrastructure.Plc.csproj
		SccProjectName7 = ../../../Utilities/System/System.Infrastructure.Plc
		SccLocalPath7 = ..\\..\\..\\Utilities\\System\\System.Infrastructure.Plc
		SccProjectUniqueName8 = ..\\..\\..\\Utilities\\System\\System.Mvvm.Plc\\System.Mvvm.Plc.csproj
		SccProjectName8 = ../../../Utilities/System/System.Mvvm.Plc
		SccLocalPath8 = ..\\..\\..\\Utilities\\System\\System.Mvvm.Plc
	EndGlobalSection
EndGlobal
