
Microsoft Visual Studio Solution File, Format Version 12.00
# Visual Studio 14
VisualStudioVersion = 14.0.23107.0
MinimumVisualStudioVersion = 10.0.40219.1
Project("{FAE04EC0-301F-11D3-BF4B-00C04F79EFBC}") = "MovieManager.Interaction", "MovieManager.Interaction\MovieManager.Interaction.csproj", "{DC0299F4-21B6-4140-9E2A-844080479DEB}"
EndProject
Project("{FAE04EC0-301F-11D3-BF4B-00C04F79EFBC}") = "MovieManager", "MovieManager\MovieManager.csproj", "{FCDCF6D1-0498-4D72-B1AA-C5D14659B662}"
EndProject
Project("{FAE04EC0-301F-11D3-BF4B-00C04F79EFBC}") = "MovieManager.ContextModel", "MovieManager.ContextModel\MovieManager.ContextModel.csproj", "{F96ADD94-AA33-40BF-B4AF-07F02666669E}"
EndProject
Project("{FAE04EC0-301F-11D3-BF4B-00C04F79EFBC}") = "System.Common", "..\..\Utilities\System\System.Common\System.Common.csproj", "{ADE84F32-3D9B-4FC9-A13F-90B8A76DDD48}"
EndProject
Project("{FAE04EC0-301F-11D3-BF4B-00C04F79EFBC}") = "System.Infrastructure", "..\..\Utilities\System\System.Infrastructure\System.Infrastructure.csproj", "{077597BB-E9E3-4811-A7CD-EC03090CDCFD}"
EndProject
Project("{FAE04EC0-301F-11D3-BF4B-00C04F79EFBC}") = "System.Mvvm", "..\..\Utilities\System\System.Mvvm\System.Mvvm.csproj", "{49B662DD-2853-40A6-AF29-9FE9B214F3E9}"
EndProject
Project("{2150E333-8FDC-42A3-9474-1A3956D46DE8}") = "Supportings", "Supportings", "{D7DE9104-3515-438E-A89D-C4B6BF54ECE4}"
EndProject
Project("{FAE04EC0-301F-11D3-BF4B-00C04F79EFBC}") = "MovieManager.StructureModel", "MovieManager.StructureModel\MovieManager.StructureModel.csproj", "{5D894ECF-E63E-45CD-BFB5-FD01E0C75597}"
EndProject
Project("{FAE04EC0-301F-11D3-BF4B-00C04F79EFBC}") = "MovieManager.Core", "MovieManager.Core\MovieManager.Core.csproj", "{43E445F0-E036-405E-A5A0-FE47AE44D02A}"
EndProject
Project("{2150E333-8FDC-42A3-9474-1A3956D46DE8}") = "Model", "Model", "{9A4EE537-3E0E-4A7E-9CA5-D5798F8A708B}"
EndProject
Project("{FAE04EC0-301F-11D3-BF4B-00C04F79EFBC}") = "System.Common.Plc", "..\..\Utilities\System\System.Common.Plc\System.Common.Plc.csproj", "{DB232F94-BBDC-4D49-B2AA-879AB20E9C63}"
EndProject
Project("{FAE04EC0-301F-11D3-BF4B-00C04F79EFBC}") = "System.Infrastructure.Plc", "..\..\Utilities\System\System.Infrastructure.Plc\System.Infrastructure.Plc.csproj", "{5BC835D2-E7B5-4055-B59C-8CDEB2B50B67}"
EndProject
Project("{FAE04EC0-301F-11D3-BF4B-00C04F79EFBC}") = "System.Mvvm.Plc", "..\..\Utilities\System\System.Mvvm.Plc\System.Mvvm.Plc.csproj", "{07B88ABD-B20F-40FF-8BBC-6288E298E1C9}"
EndProject
Project("{2150E333-8FDC-42A3-9474-1A3956D46DE8}") = "UWP", "UWP", "{62A46633-3CC3-4FD0-A0D9-FEF351132E7A}"
EndProject
Project("{2150E333-8FDC-42A3-9474-1A3956D46DE8}") = "Classic", "Classic", "{C1D63265-5E7E-4B20-AD33-263D01F87820}"
EndProject
Project("{FAE04EC0-301F-11D3-BF4B-00C04F79EFBC}") = "MovieManager.UWP", "MovieManager.UWP\MovieManager.UWP.csproj", "{16D16786-A657-43B5-9E5F-11F82CA27470}"
EndProject
Project("{FAE04EC0-301F-11D3-BF4B-00C04F79EFBC}") = "MovieManager.ContextModel.Plc", "MovieManager.ContextModel.Plc\MovieManager.ContextModel.Plc.csproj", "{88D191BB-20E3-409A-9CAE-9D9B375255D3}"
EndProject
Project("{FAE04EC0-301F-11D3-BF4B-00C04F79EFBC}") = "MovieManager.StructureModel.Pcl", "MovieManager.StructureModel.Pcl\MovieManager.StructureModel.Pcl.csproj", "{35E9FF0E-26AB-4699-9FC6-5A473C16C667}"
EndProject
Project("{FAE04EC0-301F-11D3-BF4B-00C04F79EFBC}") = "MovieManager.Core.Plc", "MovieManager.Core.Plc\MovieManager.Core.Plc.csproj", "{409C6D94-1FD6-4D94-AA08-A96971897C39}"
EndProject
Project("{FAE04EC0-301F-11D3-BF4B-00C04F79EFBC}") = "MovieManager.Interaction.Plc", "MovieManager.Interaction.Plc\MovieManager.Interaction.Plc.csproj", "{E5B9F148-9745-476B-8FA6-14E35D6800F7}"
EndProject
Global
	GlobalSection(SolutionConfigurationPlatforms) = preSolution
		Debug|Any CPU = Debug|Any CPU
		Debug|ARM = Debug|ARM
		Debug|x64 = Debug|x64
		Debug|x86 = Debug|x86
		Release|Any CPU = Release|Any CPU
		Release|ARM = Release|ARM
		Release|x64 = Release|x64
		Release|x86 = Release|x86
	EndGlobalSection
	GlobalSection(ProjectConfigurationPlatforms) = postSolution
		{DC0299F4-21B6-4140-9E2A-844080479DEB}.Debug|Any CPU.ActiveCfg = Debug|Any CPU
		{DC0299F4-21B6-4140-9E2A-844080479DEB}.Debug|Any CPU.Build.0 = Debug|Any CPU
		{DC0299F4-21B6-4140-9E2A-844080479DEB}.Debug|ARM.ActiveCfg = Debug|Any CPU
		{DC0299F4-21B6-4140-9E2A-844080479DEB}.Debug|ARM.Build.0 = Debug|Any CPU
		{DC0299F4-21B6-4140-9E2A-844080479DEB}.Debug|x64.ActiveCfg = Debug|Any CPU
		{DC0299F4-21B6-4140-9E2A-844080479DEB}.Debug|x64.Build.0 = Debug|Any CPU
		{DC0299F4-21B6-4140-9E2A-844080479DEB}.Debug|x86.ActiveCfg = Debug|Any CPU
		{DC0299F4-21B6-4140-9E2A-844080479DEB}.Debug|x86.Build.0 = Debug|Any CPU
		{DC0299F4-21B6-4140-9E2A-844080479DEB}.Release|Any CPU.ActiveCfg = Release|Any CPU
		{DC0299F4-21B6-4140-9E2A-844080479DEB}.Release|Any CPU.Build.0 = Release|Any CPU
		{DC0299F4-21B6-4140-9E2A-844080479DEB}.Release|ARM.ActiveCfg = Release|Any CPU
		{DC0299F4-21B6-4140-9E2A-844080479DEB}.Release|ARM.Build.0 = Release|Any CPU
		{DC0299F4-21B6-4140-9E2A-844080479DEB}.Release|x64.ActiveCfg = Release|Any CPU
		{DC0299F4-21B6-4140-9E2A-844080479DEB}.Release|x64.Build.0 = Release|Any CPU
		{DC0299F4-21B6-4140-9E2A-844080479DEB}.Release|x86.ActiveCfg = Release|Any CPU
		{DC0299F4-21B6-4140-9E2A-844080479DEB}.Release|x86.Build.0 = Release|Any CPU
		{FCDCF6D1-0498-4D72-B1AA-C5D14659B662}.Debug|Any CPU.ActiveCfg = Debug|Any CPU
		{FCDCF6D1-0498-4D72-B1AA-C5D14659B662}.Debug|Any CPU.Build.0 = Debug|Any CPU
		{FCDCF6D1-0498-4D72-B1AA-C5D14659B662}.Debug|ARM.ActiveCfg = Debug|Any CPU
		{FCDCF6D1-0498-4D72-B1AA-C5D14659B662}.Debug|ARM.Build.0 = Debug|Any CPU
		{FCDCF6D1-0498-4D72-B1AA-C5D14659B662}.Debug|x64.ActiveCfg = Debug|Any CPU
		{FCDCF6D1-0498-4D72-B1AA-C5D14659B662}.Debug|x64.Build.0 = Debug|Any CPU
		{FCDCF6D1-0498-4D72-B1AA-C5D14659B662}.Debug|x86.ActiveCfg = Debug|Any CPU
		{FCDCF6D1-0498-4D72-B1AA-C5D14659B662}.Debug|x86.Build.0 = Debug|Any CPU
		{FCDCF6D1-0498-4D72-B1AA-C5D14659B662}.Release|Any CPU.ActiveCfg = Release|Any CPU
		{FCDCF6D1-0498-4D72-B1AA-C5D14659B662}.Release|Any CPU.Build.0 = Release|Any CPU
		{FCDCF6D1-0498-4D72-B1AA-C5D14659B662}.Release|ARM.ActiveCfg = Release|Any CPU
		{FCDCF6D1-0498-4D72-B1AA-C5D14659B662}.Release|ARM.Build.0 = Release|Any CPU
		{FCDCF6D1-0498-4D72-B1AA-C5D14659B662}.Release|x64.ActiveCfg = Release|Any CPU
		{FCDCF6D1-0498-4D72-B1AA-C5D14659B662}.Release|x64.Build.0 = Release|Any CPU
		{FCDCF6D1-0498-4D72-B1AA-C5D14659B662}.Release|x86.ActiveCfg = Release|Any CPU
		{FCDCF6D1-0498-4D72-B1AA-C5D14659B662}.Release|x86.Build.0 = Release|Any CPU
		{F96ADD94-AA33-40BF-B4AF-07F02666669E}.Debug|Any CPU.ActiveCfg = Debug|Any CPU
		{F96ADD94-AA33-40BF-B4AF-07F02666669E}.Debug|Any CPU.Build.0 = Debug|Any CPU
		{F96ADD94-AA33-40BF-B4AF-07F02666669E}.Debug|ARM.ActiveCfg = Debug|Any CPU
		{F96ADD94-AA33-40BF-B4AF-07F02666669E}.Debug|ARM.Build.0 = Debug|Any CPU
		{F96ADD94-AA33-40BF-B4AF-07F02666669E}.Debug|x64.ActiveCfg = Debug|Any CPU
		{F96ADD94-AA33-40BF-B4AF-07F02666669E}.Debug|x64.Build.0 = Debug|Any CPU
		{F96ADD94-AA33-40BF-B4AF-07F02666669E}.Debug|x86.ActiveCfg = Debug|Any CPU
		{F96ADD94-AA33-40BF-B4AF-07F02666669E}.Debug|x86.Build.0 = Debug|Any CPU
		{F96ADD94-AA33-40BF-B4AF-07F02666669E}.Release|Any CPU.ActiveCfg = Release|Any CPU
		{F96ADD94-AA33-40BF-B4AF-07F02666669E}.Release|Any CPU.Build.0 = Release|Any CPU
		{F96ADD94-AA33-40BF-B4AF-07F02666669E}.Release|ARM.ActiveCfg = Release|Any CPU
		{F96ADD94-AA33-40BF-B4AF-07F02666669E}.Release|ARM.Build.0 = Release|Any CPU
		{F96ADD94-AA33-40BF-B4AF-07F02666669E}.Release|x64.ActiveCfg = Release|Any CPU
		{F96ADD94-AA33-40BF-B4AF-07F02666669E}.Release|x64.Build.0 = Release|Any CPU
		{F96ADD94-AA33-40BF-B4AF-07F02666669E}.Release|x86.ActiveCfg = Release|Any CPU
		{F96ADD94-AA33-40BF-B4AF-07F02666669E}.Release|x86.Build.0 = Release|Any CPU
		{ADE84F32-3D9B-4FC9-A13F-90B8A76DDD48}.Debug|Any CPU.ActiveCfg = Debug|Any CPU
		{ADE84F32-3D9B-4FC9-A13F-90B8A76DDD48}.Debug|Any CPU.Build.0 = Debug|Any CPU
		{ADE84F32-3D9B-4FC9-A13F-90B8A76DDD48}.Debug|ARM.ActiveCfg = Debug|Any CPU
		{ADE84F32-3D9B-4FC9-A13F-90B8A76DDD48}.Debug|ARM.Build.0 = Debug|Any CPU
		{ADE84F32-3D9B-4FC9-A13F-90B8A76DDD48}.Debug|x64.ActiveCfg = Debug|Any CPU
		{ADE84F32-3D9B-4FC9-A13F-90B8A76DDD48}.Debug|x64.Build.0 = Debug|Any CPU
		{ADE84F32-3D9B-4FC9-A13F-90B8A76DDD48}.Debug|x86.ActiveCfg = Debug|Any CPU
		{ADE84F32-3D9B-4FC9-A13F-90B8A76DDD48}.Debug|x86.Build.0 = Debug|Any CPU
		{ADE84F32-3D9B-4FC9-A13F-90B8A76DDD48}.Release|Any CPU.ActiveCfg = Release|Any CPU
		{ADE84F32-3D9B-4FC9-A13F-90B8A76DDD48}.Release|Any CPU.Build.0 = Release|Any CPU
		{ADE84F32-3D9B-4FC9-A13F-90B8A76DDD48}.Release|ARM.ActiveCfg = Release|Any CPU
		{ADE84F32-3D9B-4FC9-A13F-90B8A76DDD48}.Release|ARM.Build.0 = Release|Any CPU
		{ADE84F32-3D9B-4FC9-A13F-90B8A76DDD48}.Release|x64.ActiveCfg = Release|Any CPU
		{ADE84F32-3D9B-4FC9-A13F-90B8A76DDD48}.Release|x64.Build.0 = Release|Any CPU
		{ADE84F32-3D9B-4FC9-A13F-90B8A76DDD48}.Release|x86.ActiveCfg = Release|Any CPU
		{ADE84F32-3D9B-4FC9-A13F-90B8A76DDD48}.Release|x86.Build.0 = Release|Any CPU
		{077597BB-E9E3-4811-A7CD-EC03090CDCFD}.Debug|Any CPU.ActiveCfg = Debug|Any CPU
		{077597BB-E9E3-4811-A7CD-EC03090CDCFD}.Debug|Any CPU.Build.0 = Debug|Any CPU
		{077597BB-E9E3-4811-A7CD-EC03090CDCFD}.Debug|ARM.ActiveCfg = Debug|Any CPU
		{077597BB-E9E3-4811-A7CD-EC03090CDCFD}.Debug|ARM.Build.0 = Debug|Any CPU
		{077597BB-E9E3-4811-A7CD-EC03090CDCFD}.Debug|x64.ActiveCfg = Debug|Any CPU
		{077597BB-E9E3-4811-A7CD-EC03090CDCFD}.Debug|x64.Build.0 = Debug|Any CPU
		{077597BB-E9E3-4811-A7CD-EC03090CDCFD}.Debug|x86.ActiveCfg = Debug|Any CPU
		{077597BB-E9E3-4811-A7CD-EC03090CDCFD}.Debug|x86.Build.0 = Debug|Any CPU
		{077597BB-E9E3-4811-A7CD-EC03090CDCFD}.Release|Any CPU.ActiveCfg = Release|Any CPU
		{077597BB-E9E3-4811-A7CD-EC03090CDCFD}.Release|Any CPU.Build.0 = Release|Any CPU
		{077597BB-E9E3-4811-A7CD-EC03090CDCFD}.Release|ARM.ActiveCfg = Release|Any CPU
		{077597BB-E9E3-4811-A7CD-EC03090CDCFD}.Release|ARM.Build.0 = Release|Any CPU
		{077597BB-E9E3-4811-A7CD-EC03090CDCFD}.Release|x64.ActiveCfg = Release|Any CPU
		{077597BB-E9E3-4811-A7CD-EC03090CDCFD}.Release|x64.Build.0 = Release|Any CPU
		{077597BB-E9E3-4811-A7CD-EC03090CDCFD}.Release|x86.ActiveCfg = Release|Any CPU
		{077597BB-E9E3-4811-A7CD-EC03090CDCFD}.Release|x86.Build.0 = Release|Any CPU
		{49B662DD-2853-40A6-AF29-9FE9B214F3E9}.Debug|Any CPU.ActiveCfg = Debug|Any CPU
		{49B662DD-2853-40A6-AF29-9FE9B214F3E9}.Debug|Any CPU.Build.0 = Debug|Any CPU
		{49B662DD-2853-40A6-AF29-9FE9B214F3E9}.Debug|ARM.ActiveCfg = Debug|Any CPU
		{49B662DD-2853-40A6-AF29-9FE9B214F3E9}.Debug|ARM.Build.0 = Debug|Any CPU
		{49B662DD-2853-40A6-AF29-9FE9B214F3E9}.Debug|x64.ActiveCfg = Debug|Any CPU
		{49B662DD-2853-40A6-AF29-9FE9B214F3E9}.Debug|x64.Build.0 = Debug|Any CPU
		{49B662DD-2853-40A6-AF29-9FE9B214F3E9}.Debug|x86.ActiveCfg = Debug|Any CPU
		{49B662DD-2853-40A6-AF29-9FE9B214F3E9}.Debug|x86.Build.0 = Debug|Any CPU
		{49B662DD-2853-40A6-AF29-9FE9B214F3E9}.Release|Any CPU.ActiveCfg = Release|Any CPU
		{49B662DD-2853-40A6-AF29-9FE9B214F3E9}.Release|Any CPU.Build.0 = Release|Any CPU
		{49B662DD-2853-40A6-AF29-9FE9B214F3E9}.Release|ARM.ActiveCfg = Release|Any CPU
		{49B662DD-2853-40A6-AF29-9FE9B214F3E9}.Release|ARM.Build.0 = Release|Any CPU
		{49B662DD-2853-40A6-AF29-9FE9B214F3E9}.Release|x64.ActiveCfg = Release|Any CPU
		{49B662DD-2853-40A6-AF29-9FE9B214F3E9}.Release|x64.Build.0 = Release|Any CPU
		{49B662DD-2853-40A6-AF29-9FE9B214F3E9}.Release|x86.ActiveCfg = Release|Any CPU
		{49B662DD-2853-40A6-AF29-9FE9B214F3E9}.Release|x86.Build.0 = Release|Any CPU
		{5D894ECF-E63E-45CD-BFB5-FD01E0C75597}.Debug|Any CPU.ActiveCfg = Debug|Any CPU
		{5D894ECF-E63E-45CD-BFB5-FD01E0C75597}.Debug|Any CPU.Build.0 = Debug|Any CPU
		{5D894ECF-E63E-45CD-BFB5-FD01E0C75597}.Debug|ARM.ActiveCfg = Debug|Any CPU
		{5D894ECF-E63E-45CD-BFB5-FD01E0C75597}.Debug|ARM.Build.0 = Debug|Any CPU
		{5D894ECF-E63E-45CD-BFB5-FD01E0C75597}.Debug|x64.ActiveCfg = Debug|Any CPU
		{5D894ECF-E63E-45CD-BFB5-FD01E0C75597}.Debug|x64.Build.0 = Debug|Any CPU
		{5D894ECF-E63E-45CD-BFB5-FD01E0C75597}.Debug|x86.ActiveCfg = Debug|Any CPU
		{5D894ECF-E63E-45CD-BFB5-FD01E0C75597}.Debug|x86.Build.0 = Debug|Any CPU
		{5D894ECF-E63E-45CD-BFB5-FD01E0C75597}.Release|Any CPU.ActiveCfg = Release|Any CPU
		{5D894ECF-E63E-45CD-BFB5-FD01E0C75597}.Release|Any CPU.Build.0 = Release|Any CPU
		{5D894ECF-E63E-45CD-BFB5-FD01E0C75597}.Release|ARM.ActiveCfg = Release|Any CPU
		{5D894ECF-E63E-45CD-BFB5-FD01E0C75597}.Release|ARM.Build.0 = Release|Any CPU
		{5D894ECF-E63E-45CD-BFB5-FD01E0C75597}.Release|x64.ActiveCfg = Release|Any CPU
		{5D894ECF-E63E-45CD-BFB5-FD01E0C75597}.Release|x64.Build.0 = Release|Any CPU
		{5D894ECF-E63E-45CD-BFB5-FD01E0C75597}.Release|x86.ActiveCfg = Release|Any CPU
		{5D894ECF-E63E-45CD-BFB5-FD01E0C75597}.Release|x86.Build.0 = Release|Any CPU
		{43E445F0-E036-405E-A5A0-FE47AE44D02A}.Debug|Any CPU.ActiveCfg = Debug|Any CPU
		{43E445F0-E036-405E-A5A0-FE47AE44D02A}.Debug|Any CPU.Build.0 = Debug|Any CPU
		{43E445F0-E036-405E-A5A0-FE47AE44D02A}.Debug|ARM.ActiveCfg = Debug|Any CPU
		{43E445F0-E036-405E-A5A0-FE47AE44D02A}.Debug|ARM.Build.0 = Debug|Any CPU
		{43E445F0-E036-405E-A5A0-FE47AE44D02A}.Debug|x64.ActiveCfg = Debug|Any CPU
		{43E445F0-E036-405E-A5A0-FE47AE44D02A}.Debug|x64.Build.0 = Debug|Any CPU
		{43E445F0-E036-405E-A5A0-FE47AE44D02A}.Debug|x86.ActiveCfg = Debug|Any CPU
		{43E445F0-E036-405E-A5A0-FE47AE44D02A}.Debug|x86.Build.0 = Debug|Any CPU
		{43E445F0-E036-405E-A5A0-FE47AE44D02A}.Release|Any CPU.ActiveCfg = Release|Any CPU
		{43E445F0-E036-405E-A5A0-FE47AE44D02A}.Release|Any CPU.Build.0 = Release|Any CPU
		{43E445F0-E036-405E-A5A0-FE47AE44D02A}.Release|ARM.ActiveCfg = Release|Any CPU
		{43E445F0-E036-405E-A5A0-FE47AE44D02A}.Release|ARM.Build.0 = Release|Any CPU
		{43E445F0-E036-405E-A5A0-FE47AE44D02A}.Release|x64.ActiveCfg = Release|Any CPU
		{43E445F0-E036-405E-A5A0-FE47AE44D02A}.Release|x64.Build.0 = Release|Any CPU
		{43E445F0-E036-405E-A5A0-FE47AE44D02A}.Release|x86.ActiveCfg = Release|Any CPU
		{43E445F0-E036-405E-A5A0-FE47AE44D02A}.Release|x86.Build.0 = Release|Any CPU
		{DB232F94-BBDC-4D49-B2AA-879AB20E9C63}.Debug|Any CPU.ActiveCfg = Debug|Any CPU
		{DB232F94-BBDC-4D49-B2AA-879AB20E9C63}.Debug|Any CPU.Build.0 = Debug|Any CPU
		{DB232F94-BBDC-4D49-B2AA-879AB20E9C63}.Debug|ARM.ActiveCfg = Debug|Any CPU
		{DB232F94-BBDC-4D49-B2AA-879AB20E9C63}.Debug|ARM.Build.0 = Debug|Any CPU
		{DB232F94-BBDC-4D49-B2AA-879AB20E9C63}.Debug|x64.ActiveCfg = Debug|Any CPU
		{DB232F94-BBDC-4D49-B2AA-879AB20E9C63}.Debug|x64.Build.0 = Debug|Any CPU
		{DB232F94-BBDC-4D49-B2AA-879AB20E9C63}.Debug|x86.ActiveCfg = Debug|Any CPU
		{DB232F94-BBDC-4D49-B2AA-879AB20E9C63}.Debug|x86.Build.0 = Debug|Any CPU
		{DB232F94-BBDC-4D49-B2AA-879AB20E9C63}.Release|Any CPU.ActiveCfg = Release|Any CPU
		{DB232F94-BBDC-4D49-B2AA-879AB20E9C63}.Release|Any CPU.Build.0 = Release|Any CPU
		{DB232F94-BBDC-4D49-B2AA-879AB20E9C63}.Release|ARM.ActiveCfg = Release|Any CPU
		{DB232F94-BBDC-4D49-B2AA-879AB20E9C63}.Release|ARM.Build.0 = Release|Any CPU
		{DB232F94-BBDC-4D49-B2AA-879AB20E9C63}.Release|x64.ActiveCfg = Release|Any CPU
		{DB232F94-BBDC-4D49-B2AA-879AB20E9C63}.Release|x64.Build.0 = Release|Any CPU
		{DB232F94-BBDC-4D49-B2AA-879AB20E9C63}.Release|x86.ActiveCfg = Release|Any CPU
		{DB232F94-BBDC-4D49-B2AA-879AB20E9C63}.Release|x86.Build.0 = Release|Any CPU
		{5BC835D2-E7B5-4055-B59C-8CDEB2B50B67}.Debug|Any CPU.ActiveCfg = Debug|Any CPU
		{5BC835D2-E7B5-4055-B59C-8CDEB2B50B67}.Debug|Any CPU.Build.0 = Debug|Any CPU
		{5BC835D2-E7B5-4055-B59C-8CDEB2B50B67}.Debug|ARM.ActiveCfg = Debug|Any CPU
		{5BC835D2-E7B5-4055-B59C-8CDEB2B50B67}.Debug|ARM.Build.0 = Debug|Any CPU
		{5BC835D2-E7B5-4055-B59C-8CDEB2B50B67}.Debug|x64.ActiveCfg = Debug|Any CPU
		{5BC835D2-E7B5-4055-B59C-8CDEB2B50B67}.Debug|x64.Build.0 = Debug|Any CPU
		{5BC835D2-E7B5-4055-B59C-8CDEB2B50B67}.Debug|x86.ActiveCfg = Debug|Any CPU
		{5BC835D2-E7B5-4055-B59C-8CDEB2B50B67}.Debug|x86.Build.0 = Debug|Any CPU
		{5BC835D2-E7B5-4055-B59C-8CDEB2B50B67}.Release|Any CPU.ActiveCfg = Release|Any CPU
		{5BC835D2-E7B5-4055-B59C-8CDEB2B50B67}.Release|Any CPU.Build.0 = Release|Any CPU
		{5BC835D2-E7B5-4055-B59C-8CDEB2B50B67}.Release|ARM.ActiveCfg = Release|Any CPU
		{5BC835D2-E7B5-4055-B59C-8CDEB2B50B67}.Release|ARM.Build.0 = Release|Any CPU
		{5BC835D2-E7B5-4055-B59C-8CDEB2B50B67}.Release|x64.ActiveCfg = Release|Any CPU
		{5BC835D2-E7B5-4055-B59C-8CDEB2B50B67}.Release|x64.Build.0 = Release|Any CPU
		{5BC835D2-E7B5-4055-B59C-8CDEB2B50B67}.Release|x86.ActiveCfg = Release|Any CPU
		{5BC835D2-E7B5-4055-B59C-8CDEB2B50B67}.Release|x86.Build.0 = Release|Any CPU
		{07B88ABD-B20F-40FF-8BBC-6288E298E1C9}.Debug|Any CPU.ActiveCfg = Debug|Any CPU
		{07B88ABD-B20F-40FF-8BBC-6288E298E1C9}.Debug|Any CPU.Build.0 = Debug|Any CPU
		{07B88ABD-B20F-40FF-8BBC-6288E298E1C9}.Debug|ARM.ActiveCfg = Debug|Any CPU
		{07B88ABD-B20F-40FF-8BBC-6288E298E1C9}.Debug|ARM.Build.0 = Debug|Any CPU
		{07B88ABD-B20F-40FF-8BBC-6288E298E1C9}.Debug|x64.ActiveCfg = Debug|Any CPU
		{07B88ABD-B20F-40FF-8BBC-6288E298E1C9}.Debug|x64.Build.0 = Debug|Any CPU
		{07B88ABD-B20F-40FF-8BBC-6288E298E1C9}.Debug|x86.ActiveCfg = Debug|Any CPU
		{07B88ABD-B20F-40FF-8BBC-6288E298E1C9}.Debug|x86.Build.0 = Debug|Any CPU
		{07B88ABD-B20F-40FF-8BBC-6288E298E1C9}.Release|Any CPU.ActiveCfg = Release|Any CPU
		{07B88ABD-B20F-40FF-8BBC-6288E298E1C9}.Release|Any CPU.Build.0 = Release|Any CPU
		{07B88ABD-B20F-40FF-8BBC-6288E298E1C9}.Release|ARM.ActiveCfg = Release|Any CPU
		{07B88ABD-B20F-40FF-8BBC-6288E298E1C9}.Release|ARM.Build.0 = Release|Any CPU
		{07B88ABD-B20F-40FF-8BBC-6288E298E1C9}.Release|x64.ActiveCfg = Release|Any CPU
		{07B88ABD-B20F-40FF-8BBC-6288E298E1C9}.Release|x64.Build.0 = Release|Any CPU
		{07B88ABD-B20F-40FF-8BBC-6288E298E1C9}.Release|x86.ActiveCfg = Release|Any CPU
		{07B88ABD-B20F-40FF-8BBC-6288E298E1C9}.Release|x86.Build.0 = Release|Any CPU
		{16D16786-A657-43B5-9E5F-11F82CA27470}.Debug|Any CPU.ActiveCfg = Debug|x86
		{16D16786-A657-43B5-9E5F-11F82CA27470}.Debug|Any CPU.Build.0 = Debug|x86
		{16D16786-A657-43B5-9E5F-11F82CA27470}.Debug|Any CPU.Deploy.0 = Debug|x86
		{16D16786-A657-43B5-9E5F-11F82CA27470}.Debug|ARM.ActiveCfg = Debug|ARM
		{16D16786-A657-43B5-9E5F-11F82CA27470}.Debug|ARM.Build.0 = Debug|ARM
		{16D16786-A657-43B5-9E5F-11F82CA27470}.Debug|ARM.Deploy.0 = Debug|ARM
		{16D16786-A657-43B5-9E5F-11F82CA27470}.Debug|x64.ActiveCfg = Debug|x64
		{16D16786-A657-43B5-9E5F-11F82CA27470}.Debug|x64.Build.0 = Debug|x64
		{16D16786-A657-43B5-9E5F-11F82CA27470}.Debug|x64.Deploy.0 = Debug|x64
		{16D16786-A657-43B5-9E5F-11F82CA27470}.Debug|x86.ActiveCfg = Debug|x86
		{16D16786-A657-43B5-9E5F-11F82CA27470}.Debug|x86.Build.0 = Debug|x86
		{16D16786-A657-43B5-9E5F-11F82CA27470}.Debug|x86.Deploy.0 = Debug|x86
		{16D16786-A657-43B5-9E5F-11F82CA27470}.Release|Any CPU.ActiveCfg = Release|x86
		{16D16786-A657-43B5-9E5F-11F82CA27470}.Release|ARM.ActiveCfg = Release|ARM
		{16D16786-A657-43B5-9E5F-11F82CA27470}.Release|ARM.Build.0 = Release|ARM
		{16D16786-A657-43B5-9E5F-11F82CA27470}.Release|ARM.Deploy.0 = Release|ARM
		{16D16786-A657-43B5-9E5F-11F82CA27470}.Release|x64.ActiveCfg = Release|x64
		{16D16786-A657-43B5-9E5F-11F82CA27470}.Release|x64.Build.0 = Release|x64
		{16D16786-A657-43B5-9E5F-11F82CA27470}.Release|x64.Deploy.0 = Release|x64
		{16D16786-A657-43B5-9E5F-11F82CA27470}.Release|x86.ActiveCfg = Release|x86
		{16D16786-A657-43B5-9E5F-11F82CA27470}.Release|x86.Build.0 = Release|x86
		{16D16786-A657-43B5-9E5F-11F82CA27470}.Release|x86.Deploy.0 = Release|x86
		{88D191BB-20E3-409A-9CAE-9D9B375255D3}.Debug|Any CPU.ActiveCfg = Debug|Any CPU
		{88D191BB-20E3-409A-9CAE-9D9B375255D3}.Debug|Any CPU.Build.0 = Debug|Any CPU
		{88D191BB-20E3-409A-9CAE-9D9B375255D3}.Debug|ARM.ActiveCfg = Debug|Any CPU
		{88D191BB-20E3-409A-9CAE-9D9B375255D3}.Debug|ARM.Build.0 = Debug|Any CPU
		{88D191BB-20E3-409A-9CAE-9D9B375255D3}.Debug|x64.ActiveCfg = Debug|Any CPU
		{88D191BB-20E3-409A-9CAE-9D9B375255D3}.Debug|x64.Build.0 = Debug|Any CPU
		{88D191BB-20E3-409A-9CAE-9D9B375255D3}.Debug|x86.ActiveCfg = Debug|Any CPU
		{88D191BB-20E3-409A-9CAE-9D9B375255D3}.Debug|x86.Build.0 = Debug|Any CPU
		{88D191BB-20E3-409A-9CAE-9D9B375255D3}.Release|Any CPU.ActiveCfg = Release|Any CPU
		{88D191BB-20E3-409A-9CAE-9D9B375255D3}.Release|Any CPU.Build.0 = Release|Any CPU
		{88D191BB-20E3-409A-9CAE-9D9B375255D3}.Release|ARM.ActiveCfg = Release|Any CPU
		{88D191BB-20E3-409A-9CAE-9D9B375255D3}.Release|ARM.Build.0 = Release|Any CPU
		{88D191BB-20E3-409A-9CAE-9D9B375255D3}.Release|x64.ActiveCfg = Release|Any CPU
		{88D191BB-20E3-409A-9CAE-9D9B375255D3}.Release|x64.Build.0 = Release|Any CPU
		{88D191BB-20E3-409A-9CAE-9D9B375255D3}.Release|x86.ActiveCfg = Release|Any CPU
		{88D191BB-20E3-409A-9CAE-9D9B375255D3}.Release|x86.Build.0 = Release|Any CPU
		{35E9FF0E-26AB-4699-9FC6-5A473C16C667}.Debug|Any CPU.ActiveCfg = Debug|Any CPU
		{35E9FF0E-26AB-4699-9FC6-5A473C16C667}.Debug|Any CPU.Build.0 = Debug|Any CPU
		{35E9FF0E-26AB-4699-9FC6-5A473C16C667}.Debug|ARM.ActiveCfg = Debug|Any CPU
		{35E9FF0E-26AB-4699-9FC6-5A473C16C667}.Debug|ARM.Build.0 = Debug|Any CPU
		{35E9FF0E-26AB-4699-9FC6-5A473C16C667}.Debug|x64.ActiveCfg = Debug|Any CPU
		{35E9FF0E-26AB-4699-9FC6-5A473C16C667}.Debug|x64.Build.0 = Debug|Any CPU
		{35E9FF0E-26AB-4699-9FC6-5A473C16C667}.Debug|x86.ActiveCfg = Debug|Any CPU
		{35E9FF0E-26AB-4699-9FC6-5A473C16C667}.Debug|x86.Build.0 = Debug|Any CPU
		{35E9FF0E-26AB-4699-9FC6-5A473C16C667}.Release|Any CPU.ActiveCfg = Release|Any CPU
		{35E9FF0E-26AB-4699-9FC6-5A473C16C667}.Release|Any CPU.Build.0 = Release|Any CPU
		{35E9FF0E-26AB-4699-9FC6-5A473C16C667}.Release|ARM.ActiveCfg = Release|Any CPU
		{35E9FF0E-26AB-4699-9FC6-5A473C16C667}.Release|ARM.Build.0 = Release|Any CPU
		{35E9FF0E-26AB-4699-9FC6-5A473C16C667}.Release|x64.ActiveCfg = Release|Any CPU
		{35E9FF0E-26AB-4699-9FC6-5A473C16C667}.Release|x64.Build.0 = Release|Any CPU
		{35E9FF0E-26AB-4699-9FC6-5A473C16C667}.Release|x86.ActiveCfg = Release|Any CPU
		{35E9FF0E-26AB-4699-9FC6-5A473C16C667}.Release|x86.Build.0 = Release|Any CPU
		{409C6D94-1FD6-4D94-AA08-A96971897C39}.Debug|Any CPU.ActiveCfg = Debug|Any CPU
		{409C6D94-1FD6-4D94-AA08-A96971897C39}.Debug|Any CPU.Build.0 = Debug|Any CPU
		{409C6D94-1FD6-4D94-AA08-A96971897C39}.Debug|ARM.ActiveCfg = Debug|Any CPU
		{409C6D94-1FD6-4D94-AA08-A96971897C39}.Debug|ARM.Build.0 = Debug|Any CPU
		{409C6D94-1FD6-4D94-AA08-A96971897C39}.Debug|x64.ActiveCfg = Debug|Any CPU
		{409C6D94-1FD6-4D94-AA08-A96971897C39}.Debug|x64.Build.0 = Debug|Any CPU
		{409C6D94-1FD6-4D94-AA08-A96971897C39}.Debug|x86.ActiveCfg = Debug|Any CPU
		{409C6D94-1FD6-4D94-AA08-A96971897C39}.Debug|x86.Build.0 = Debug|Any CPU
		{409C6D94-1FD6-4D94-AA08-A96971897C39}.Release|Any CPU.ActiveCfg = Release|Any CPU
		{409C6D94-1FD6-4D94-AA08-A96971897C39}.Release|Any CPU.Build.0 = Release|Any CPU
		{409C6D94-1FD6-4D94-AA08-A96971897C39}.Release|ARM.ActiveCfg = Release|Any CPU
		{409C6D94-1FD6-4D94-AA08-A96971897C39}.Release|ARM.Build.0 = Release|Any CPU
		{409C6D94-1FD6-4D94-AA08-A96971897C39}.Release|x64.ActiveCfg = Release|Any CPU
		{409C6D94-1FD6-4D94-AA08-A96971897C39}.Release|x64.Build.0 = Release|Any CPU
		{409C6D94-1FD6-4D94-AA08-A96971897C39}.Release|x86.ActiveCfg = Release|Any CPU
		{409C6D94-1FD6-4D94-AA08-A96971897C39}.Release|x86.Build.0 = Release|Any CPU
		{E5B9F148-9745-476B-8FA6-14E35D6800F7}.Debug|Any CPU.ActiveCfg = Debug|Any CPU
		{E5B9F148-9745-476B-8FA6-14E35D6800F7}.Debug|Any CPU.Build.0 = Debug|Any CPU
		{E5B9F148-9745-476B-8FA6-14E35D6800F7}.Debug|ARM.ActiveCfg = Debug|Any CPU
		{E5B9F148-9745-476B-8FA6-14E35D6800F7}.Debug|ARM.Build.0 = Debug|Any CPU
		{E5B9F148-9745-476B-8FA6-14E35D6800F7}.Debug|x64.ActiveCfg = Debug|Any CPU
		{E5B9F148-9745-476B-8FA6-14E35D6800F7}.Debug|x64.Build.0 = Debug|Any CPU
		{E5B9F148-9745-476B-8FA6-14E35D6800F7}.Debug|x86.ActiveCfg = Debug|Any CPU
		{E5B9F148-9745-476B-8FA6-14E35D6800F7}.Debug|x86.Build.0 = Debug|Any CPU
		{E5B9F148-9745-476B-8FA6-14E35D6800F7}.Release|Any CPU.ActiveCfg = Release|Any CPU
		{E5B9F148-9745-476B-8FA6-14E35D6800F7}.Release|Any CPU.Build.0 = Release|Any CPU
		{E5B9F148-9745-476B-8FA6-14E35D6800F7}.Release|ARM.ActiveCfg = Release|Any CPU
		{E5B9F148-9745-476B-8FA6-14E35D6800F7}.Release|ARM.Build.0 = Release|Any CPU
		{E5B9F148-9745-476B-8FA6-14E35D6800F7}.Release|x64.ActiveCfg = Release|Any CPU
		{E5B9F148-9745-476B-8FA6-14E35D6800F7}.Release|x64.Build.0 = Release|Any CPU
		{E5B9F148-9745-476B-8FA6-14E35D6800F7}.Release|x86.ActiveCfg = Release|Any CPU
		{E5B9F148-9745-476B-8FA6-14E35D6800F7}.Release|x86.Build.0 = Release|Any CPU
	EndGlobalSection
	GlobalSection(SolutionProperties) = preSolution
		HideSolutionNode = FALSE
	EndGlobalSection
	GlobalSection(NestedProjects) = preSolution
		{DC0299F4-21B6-4140-9E2A-844080479DEB} = {C1D63265-5E7E-4B20-AD33-263D01F87820}
		{FCDCF6D1-0498-4D72-B1AA-C5D14659B662} = {C1D63265-5E7E-4B20-AD33-263D01F87820}
		{F96ADD94-AA33-40BF-B4AF-07F02666669E} = {9A4EE537-3E0E-4A7E-9CA5-D5798F8A708B}
		{ADE84F32-3D9B-4FC9-A13F-90B8A76DDD48} = {D7DE9104-3515-438E-A89D-C4B6BF54ECE4}
		{077597BB-E9E3-4811-A7CD-EC03090CDCFD} = {D7DE9104-3515-438E-A89D-C4B6BF54ECE4}
		{49B662DD-2853-40A6-AF29-9FE9B214F3E9} = {D7DE9104-3515-438E-A89D-C4B6BF54ECE4}
		{5D894ECF-E63E-45CD-BFB5-FD01E0C75597} = {9A4EE537-3E0E-4A7E-9CA5-D5798F8A708B}
		{43E445F0-E036-405E-A5A0-FE47AE44D02A} = {C1D63265-5E7E-4B20-AD33-263D01F87820}
		{DB232F94-BBDC-4D49-B2AA-879AB20E9C63} = {D7DE9104-3515-438E-A89D-C4B6BF54ECE4}
		{5BC835D2-E7B5-4055-B59C-8CDEB2B50B67} = {D7DE9104-3515-438E-A89D-C4B6BF54ECE4}
		{07B88ABD-B20F-40FF-8BBC-6288E298E1C9} = {D7DE9104-3515-438E-A89D-C4B6BF54ECE4}
		{16D16786-A657-43B5-9E5F-11F82CA27470} = {62A46633-3CC3-4FD0-A0D9-FEF351132E7A}
		{88D191BB-20E3-409A-9CAE-9D9B375255D3} = {9A4EE537-3E0E-4A7E-9CA5-D5798F8A708B}
		{35E9FF0E-26AB-4699-9FC6-5A473C16C667} = {9A4EE537-3E0E-4A7E-9CA5-D5798F8A708B}
		{409C6D94-1FD6-4D94-AA08-A96971897C39} = {62A46633-3CC3-4FD0-A0D9-FEF351132E7A}
		{E5B9F148-9745-476B-8FA6-14E35D6800F7} = {62A46633-3CC3-4FD0-A0D9-FEF351132E7A}
	EndGlobalSection
	GlobalSection(TeamFoundationVersionControl) = preSolution
		SccNumberOfProjects = 17
		SccEnterpriseProvider = {4CA58AB2-18FA-4F8D-95D4-32DDF27D184C}
		SccTeamFoundationServer = https://shrikant.visualstudio.com/defaultcollection
		SccLocalPath0 = .
		SccProjectUniqueName1 = MovieManager.Interaction\\MovieManager.Interaction.csproj
		SccProjectTopLevelParentUniqueName1 = MovieManager.sln
		SccProjectName1 = MovieManager.Interaction
		SccLocalPath1 = MovieManager.Interaction
		SccProjectUniqueName2 = MovieManager\\MovieManager.csproj
		SccProjectTopLevelParentUniqueName2 = MovieManager.sln
		SccProjectName2 = MovieManager
		SccLocalPath2 = MovieManager
		SccProjectUniqueName3 = MovieManager.ContextModel\\MovieManager.ContextModel.csproj
		SccProjectTopLevelParentUniqueName3 = MovieManager.sln
		SccProjectName3 = MovieManager.ContextModel
		SccLocalPath3 = MovieManager.ContextModel
		SccProjectUniqueName4 = ..\\..\\Utilities\\System\\System.Common\\System.Common.csproj
		SccProjectTopLevelParentUniqueName4 = MovieManager.sln
		SccProjectName4 = ../../Utilities/System/System.Common
		SccLocalPath4 = ..\\..\\Utilities\\System\\System.Common
		SccProjectUniqueName5 = ..\\..\\Utilities\\System\\System.Infrastructure\\System.Infrastructure.csproj
		SccProjectTopLevelParentUniqueName5 = MovieManager.sln
		SccProjectName5 = ../../Utilities/System/System.Infrastructure
		SccLocalPath5 = ..\\..\\Utilities\\System\\System.Infrastructure
		SccProjectUniqueName6 = ..\\..\\Utilities\\System\\System.Mvvm\\System.Mvvm.csproj
		SccProjectTopLevelParentUniqueName6 = MovieManager.sln
		SccProjectName6 = ../../Utilities/System/System.Mvvm
		SccLocalPath6 = ..\\..\\Utilities\\System\\System.Mvvm
		SccProjectUniqueName7 = MovieManager.StructureModel\\MovieManager.StructureModel.csproj
		SccProjectTopLevelParentUniqueName7 = MovieManager.sln
		SccProjectName7 = MovieManager.StructureModel
		SccLocalPath7 = MovieManager.StructureModel
		SccProjectUniqueName8 = MovieManager.Core\\MovieManager.Core.csproj
		SccProjectTopLevelParentUniqueName8 = MovieManager.sln
		SccProjectName8 = MovieManager.Core
		SccLocalPath8 = MovieManager.Core
		SccProjectUniqueName9 = ..\\..\\Utilities\\System\\System.Common.Plc\\System.Common.Plc.csproj
		SccProjectTopLevelParentUniqueName9 = MovieManager.sln
		SccProjectName9 = ../../Utilities/System/System.Common.Plc
		SccLocalPath9 = ..\\..\\Utilities\\System\\System.Common.Plc
		SccProjectUniqueName10 = ..\\..\\Utilities\\System\\System.Infrastructure.Plc\\System.Infrastructure.Plc.csproj
		SccProjectTopLevelParentUniqueName10 = MovieManager.sln
		SccProjectName10 = ../../Utilities/System/System.Infrastructure.Plc
		SccLocalPath10 = ..\\..\\Utilities\\System\\System.Infrastructure.Plc
		SccProjectUniqueName11 = ..\\..\\Utilities\\System\\System.Mvvm.Plc\\System.Mvvm.Plc.csproj
		SccProjectTopLevelParentUniqueName11 = MovieManager.sln
		SccProjectName11 = ../../Utilities/System/System.Mvvm.Plc
		SccLocalPath11 = ..\\..\\Utilities\\System\\System.Mvvm.Plc
		SccProjectUniqueName12 = MovieManager.UWP\\MovieManager.UWP.csproj
		SccProjectTopLevelParentUniqueName12 = MovieManager.sln
		SccProjectName12 = MovieManager.UWP
		SccLocalPath12 = MovieManager.UWP
		SccProjectUniqueName13 = MovieManager.ContextModel.Plc\\MovieManager.ContextModel.Plc.csproj
		SccProjectTopLevelParentUniqueName13 = MovieManager.sln
		SccProjectName13 = MovieManager.ContextModel.Plc
		SccLocalPath13 = MovieManager.ContextModel.Plc
		SccProjectUniqueName14 = MovieManager.StructureModel.Pcl\\MovieManager.StructureModel.Pcl.csproj
		SccProjectTopLevelParentUniqueName14 = MovieManager.sln
		SccProjectName14 = MovieManager.StructureModel.Pcl
		SccLocalPath14 = MovieManager.StructureModel.Pcl
		SccProjectUniqueName15 = MovieManager.Core.Plc\\MovieManager.Core.Plc.csproj
		SccProjectTopLevelParentUniqueName15 = MovieManager.sln
		SccProjectName15 = MovieManager.Core.Plc
		SccLocalPath15 = MovieManager.Core.Plc
		SccProjectUniqueName16 = MovieManager.Interaction.Plc\\MovieManager.Interaction.Plc.csproj
		SccProjectTopLevelParentUniqueName16 = MovieManager.sln
		SccProjectName16 = MovieManager.Interaction.Plc
		SccLocalPath16 = MovieManager.Interaction.Plc
	EndGlobalSection
EndGlobal
